
Microsoft Visual Studio Solution File, Format Version 12.00
# Visual Studio Version 16
VisualStudioVersion = 16.0.30002.166
MinimumVisualStudioVersion = 10.0.40219.1
Project("{FAE04EC0-301F-11D3-BF4B-00C04F79EFBC}") = "WindowsFormsApp1", "WindowsFormsApp1\WindowsFormsApp1.csproj", "{BA7F0E70-8BEB-41AE-B84F-6CF00A460089}"
EndProject
Global
	GlobalSection(SolutionConfigurationPlatforms) = preSolution
		Debug|Any CPU = Debug|Any CPU
		Release|Any CPU = Release|Any CPU
	EndGlobalSection
	GlobalSection(ProjectConfigurationPlatforms) = postSolution
		{BA7F0E70-8BEB-41AE-B84F-6CF00A460089}.Debug|Any CPU.ActiveCfg = Debug|Any CPU
		{BA7F0E70-8BEB-41AE-B84F-6CF00A460089}.Debug|Any CPU.Build.0 = Debug|Any CPU
		{BA7F0E70-8BEB-41AE-B84F-6CF00A460089}.Release|Any CPU.ActiveCfg = Release|Any CPU
		{BA7F0E70-8BEB-41AE-B84F-6CF00A460089}.Release|Any CPU.Build.0 = Release|Any CPU
	EndGlobalSection
	GlobalSection(SolutionProperties) = preSolution
		HideSolutionNode = FALSE
	EndGlobalSection
	GlobalSection(ExtensibilityGlobals) = postSolution
		SolutionGuid = {796E15D0-C92B-4C1C-9A5B-A3C3DC02AB91}
	EndGlobalSection
EndGlobal
